
Microsoft Visual Studio Solution File, Format Version 12.00
# Visual Studio Version 16
VisualStudioVersion = 16.0.31005.135
MinimumVisualStudioVersion = 10.0.40219.1
Project("{FAE04EC0-301F-11D3-BF4B-00C04F79EFBC}") = "IntelviaStoreApi", "IntelviaStoreApi.csproj", "{50174204-F3F8-4792-8E19-D75C7C3520AC}"
EndProject
Global
	GlobalSection(SolutionConfigurationPlatforms) = preSolution
		Debug|Any CPU = Debug|Any CPU
		Release|Any CPU = Release|Any CPU
	EndGlobalSection
	GlobalSection(ProjectConfigurationPlatforms) = postSolution
		{50174204-F3F8-4792-8E19-D75C7C3520AC}.Debug|Any CPU.ActiveCfg = Debug|Any CPU
		{50174204-F3F8-4792-8E19-D75C7C3520AC}.Debug|Any CPU.Build.0 = Debug|Any CPU
		{50174204-F3F8-4792-8E19-D75C7C3520AC}.Release|Any CPU.ActiveCfg = Release|Any CPU
		{50174204-F3F8-4792-8E19-D75C7C3520AC}.Release|Any CPU.Build.0 = Release|Any CPU
	EndGlobalSection
	GlobalSection(SolutionProperties) = preSolution
		HideSolutionNode = FALSE
	EndGlobalSection
	GlobalSection(ExtensibilityGlobals) = postSolution
		SolutionGuid = {E6DE154D-686B-488B-BF3E-841C0521F5AD}
	EndGlobalSection
EndGlobal
